// !$*UTF8*$!
{
	archiveVersion = 1;
	classes = {
	};
	objectVersion = 46;
	objects = {

/* Begin PBXBuildFile section */
		A10203331EEDFE54002A3B76 /* CalcViewController.swift in Sources */ = {isa = PBXBuildFile; fileRef = A10203321EEDFE54002A3B76 /* CalcViewController.swift */; };
		A10203351EEE1177002A3B76 /* abstract-1239439_1920.jpg in Resources */ = {isa = PBXBuildFile; fileRef = A10203341EEE1177002A3B76 /* abstract-1239439_1920.jpg */; };
		A15F5E201EDB3176000B7354 /* MapViewController.swift in Sources */ = {isa = PBXBuildFile; fileRef = A15F5E1F1EDB3176000B7354 /* MapViewController.swift */; };
		A15F5E221EDB31C7000B7354 /* NMapViewResources.swift in Sources */ = {isa = PBXBuildFile; fileRef = A15F5E211EDB31C7000B7354 /* NMapViewResources.swift */; };
		A15F5E241EDB3E90000B7354 /* LocationMapViewController.swift in Sources */ = {isa = PBXBuildFile; fileRef = A15F5E231EDB3E90000B7354 /* LocationMapViewController.swift */; };
		A15F5E261EDB43AE000B7354 /* Assets.xcassets in Resources */ = {isa = PBXBuildFile; fileRef = A15F5E251EDB43AE000B7354 /* Assets.xcassets */; };
		A15F5E4A1EE2CE3D000B7354 /* VCMapView.swift in Sources */ = {isa = PBXBuildFile; fileRef = A15F5E491EE2CE3D000B7354 /* VCMapView.swift */; };
		A19E259C1EC2F9EC0049C324 /* AppDelegate.swift in Sources */ = {isa = PBXBuildFile; fileRef = A19E259B1EC2F9EC0049C324 /* AppDelegate.swift */; };
		A19E259E1EC2F9EC0049C324 /* ViewController.swift in Sources */ = {isa = PBXBuildFile; fileRef = A19E259D1EC2F9EC0049C324 /* ViewController.swift */; };
		A19E25A11EC2F9EC0049C324 /* Main.storyboard in Resources */ = {isa = PBXBuildFile; fileRef = A19E259F1EC2F9EC0049C324 /* Main.storyboard */; };
		A19E25A61EC2F9EC0049C324 /* LaunchScreen.storyboard in Resources */ = {isa = PBXBuildFile; fileRef = A19E25A41EC2F9EC0049C324 /* LaunchScreen.storyboard */; };
		A1DBD52E1EED1CFB006A6512 /* ViewController_Subway.swift in Sources */ = {isa = PBXBuildFile; fileRef = A1DBD52D1EED1CFB006A6512 /* ViewController_Subway.swift */; };
		A1F65C2E1ED590F00080B92A /* Artwork.swift in Sources */ = {isa = PBXBuildFile; fileRef = A1F65C2D1ED590F00080B92A /* Artwork.swift */; };
		A1F65C431ED987140080B92A /* ApiGatewayMac.framework in Embed Frameworks */ = {isa = PBXBuildFile; fileRef = A1F65C411ED987140080B92A /* ApiGatewayMac.framework */; settings = {ATTRIBUTES = (CodeSignOnCopy, RemoveHeadersOnCopy, ); }; };
		A1F65C4D1ED98D4B0080B92A /* ApiGatewayMac.framework in Frameworks */ = {isa = PBXBuildFile; fileRef = A1F65C4B1ED98D4B0080B92A /* ApiGatewayMac.framework */; };
		A1F65C4E1ED98D4B0080B92A /* NMapViewerSDK.framework in Frameworks */ = {isa = PBXBuildFile; fileRef = A1F65C4C1ED98D4B0080B92A /* NMapViewerSDK.framework */; };
/* End PBXBuildFile section */

/* Begin PBXCopyFilesBuildPhase section */
		A1F65C441ED987140080B92A /* Embed Frameworks */ = {
			isa = PBXCopyFilesBuildPhase;
			buildActionMask = 2147483647;
			dstPath = "";
			dstSubfolderSpec = 10;
			files = (
				A1F65C431ED987140080B92A /* ApiGatewayMac.framework in Embed Frameworks */,
			);
			name = "Embed Frameworks";
			runOnlyForDeploymentPostprocessing = 0;
		};
/* End PBXCopyFilesBuildPhase section */

/* Begin PBXFileReference section */
		A10203321EEDFE54002A3B76 /* CalcViewController.swift */ = {isa = PBXFileReference; fileEncoding = 4; lastKnownFileType = sourcecode.swift; path = CalcViewController.swift; sourceTree = "<group>"; };
		A10203341EEE1177002A3B76 /* abstract-1239439_1920.jpg */ = {isa = PBXFileReference; lastKnownFileType = image.jpeg; path = "abstract-1239439_1920.jpg"; sourceTree = "<group>"; };
		A15F5E1F1EDB3176000B7354 /* MapViewController.swift */ = {isa = PBXFileReference; fileEncoding = 4; lastKnownFileType = sourcecode.swift; path = MapViewController.swift; sourceTree = "<group>"; };
		A15F5E211EDB31C7000B7354 /* NMapViewResources.swift */ = {isa = PBXFileReference; fileEncoding = 4; lastKnownFileType = sourcecode.swift; path = NMapViewResources.swift; sourceTree = "<group>"; };
		A15F5E231EDB3E90000B7354 /* LocationMapViewController.swift */ = {isa = PBXFileReference; fileEncoding = 4; lastKnownFileType = sourcecode.swift; path = LocationMapViewController.swift; sourceTree = "<group>"; };
		A15F5E251EDB43AE000B7354 /* Assets.xcassets */ = {isa = PBXFileReference; lastKnownFileType = folder.assetcatalog; path = Assets.xcassets; sourceTree = "<group>"; };
		A15F5E491EE2CE3D000B7354 /* VCMapView.swift */ = {isa = PBXFileReference; fileEncoding = 4; lastKnownFileType = sourcecode.swift; path = VCMapView.swift; sourceTree = "<group>"; };
		A19E25981EC2F9EC0049C324 /* RealLastCalc.app */ = {isa = PBXFileReference; explicitFileType = wrapper.application; includeInIndex = 0; path = RealLastCalc.app; sourceTree = BUILT_PRODUCTS_DIR; };
		A19E259B1EC2F9EC0049C324 /* AppDelegate.swift */ = {isa = PBXFileReference; lastKnownFileType = sourcecode.swift; path = AppDelegate.swift; sourceTree = "<group>"; };
		A19E259D1EC2F9EC0049C324 /* ViewController.swift */ = {isa = PBXFileReference; lastKnownFileType = sourcecode.swift; path = ViewController.swift; sourceTree = "<group>"; };
		A19E25A01EC2F9EC0049C324 /* Base */ = {isa = PBXFileReference; lastKnownFileType = file.storyboard; name = Base; path = Base.lproj/Main.storyboard; sourceTree = "<group>"; };
		A19E25A51EC2F9EC0049C324 /* Base */ = {isa = PBXFileReference; lastKnownFileType = file.storyboard; name = Base; path = Base.lproj/LaunchScreen.storyboard; sourceTree = "<group>"; };
		A19E25A71EC2F9EC0049C324 /* Info.plist */ = {isa = PBXFileReference; lastKnownFileType = text.plist.xml; path = Info.plist; sourceTree = "<group>"; };
		A1DBD52D1EED1CFB006A6512 /* ViewController_Subway.swift */ = {isa = PBXFileReference; fileEncoding = 4; lastKnownFileType = sourcecode.swift; path = ViewController_Subway.swift; sourceTree = "<group>"; };
		A1F65C2D1ED590F00080B92A /* Artwork.swift */ = {isa = PBXFileReference; fileEncoding = 4; lastKnownFileType = sourcecode.swift; path = Artwork.swift; sourceTree = "<group>"; };
		A1F65C3F1ED987090080B92A /* NMapViewerSDK.framework */ = {isa = PBXFileReference; lastKnownFileType = wrapper.framework; name = NMapViewerSDK.framework; path = RealLastCalc/Frameworks/NMapViewerSDK.framework; sourceTree = "<group>"; };
		A1F65C411ED987140080B92A /* ApiGatewayMac.framework */ = {isa = PBXFileReference; lastKnownFileType = wrapper.framework; name = ApiGatewayMac.framework; path = RealLastCalc/Frameworks/ApiGatewayMac.framework; sourceTree = "<group>"; };
		A1F65C461ED98BA20080B92A /* RealLastCalc-Bridging-Header.h */ = {isa = PBXFileReference; lastKnownFileType = sourcecode.c.h; path = "RealLastCalc-Bridging-Header.h"; sourceTree = "<group>"; };
		A1F65C4B1ED98D4B0080B92A /* ApiGatewayMac.framework */ = {isa = PBXFileReference; lastKnownFileType = wrapper.framework; name = ApiGatewayMac.framework; path = Frameworks/ApiGatewayMac.framework; sourceTree = "<group>"; };
		A1F65C4C1ED98D4B0080B92A /* NMapViewerSDK.framework */ = {isa = PBXFileReference; lastKnownFileType = wrapper.framework; name = NMapViewerSDK.framework; path = Frameworks/NMapViewerSDK.framework; sourceTree = "<group>"; };
/* End PBXFileReference section */

/* Begin PBXFrameworksBuildPhase section */
		A19E25951EC2F9EC0049C324 /* Frameworks */ = {
			isa = PBXFrameworksBuildPhase;
			buildActionMask = 2147483647;
			files = (
				A1F65C4D1ED98D4B0080B92A /* ApiGatewayMac.framework in Frameworks */,
				A1F65C4E1ED98D4B0080B92A /* NMapViewerSDK.framework in Frameworks */,
			);
			runOnlyForDeploymentPostprocessing = 0;
		};
/* End PBXFrameworksBuildPhase section */

/* Begin PBXGroup section */
		A19E258F1EC2F9EC0049C324 = {
			isa = PBXGroup;
			children = (
				A1F65C411ED987140080B92A /* ApiGatewayMac.framework */,
				A19E259A1EC2F9EC0049C324 /* RealLastCalc */,
				A19E25991EC2F9EC0049C324 /* Products */,
				A1F65C3E1ED987090080B92A /* Frameworks */,
			);
			sourceTree = "<group>";
		};
		A19E25991EC2F9EC0049C324 /* Products */ = {
			isa = PBXGroup;
			children = (
				A19E25981EC2F9EC0049C324 /* RealLastCalc.app */,
			);
			name = Products;
			sourceTree = "<group>";
		};
		A19E259A1EC2F9EC0049C324 /* RealLastCalc */ = {
			isa = PBXGroup;
			children = (
				A1F65C4B1ED98D4B0080B92A /* ApiGatewayMac.framework */,
				A1F65C4C1ED98D4B0080B92A /* NMapViewerSDK.framework */,
				A1F65C2D1ED590F00080B92A /* Artwork.swift */,
				A10203341EEE1177002A3B76 /* abstract-1239439_1920.jpg */,
				A1DBD52D1EED1CFB006A6512 /* ViewController_Subway.swift */,
				A19E259B1EC2F9EC0049C324 /* AppDelegate.swift */,
				A19E259D1EC2F9EC0049C324 /* ViewController.swift */,
				A19E259F1EC2F9EC0049C324 /* Main.storyboard */,
				A19E25A41EC2F9EC0049C324 /* LaunchScreen.storyboard */,
				A19E25A71EC2F9EC0049C324 /* Info.plist */,
				A15F5E251EDB43AE000B7354 /* Assets.xcassets */,
				A1F65C461ED98BA20080B92A /* RealLastCalc-Bridging-Header.h */,
				A15F5E1F1EDB3176000B7354 /* MapViewController.swift */,
				A15F5E231EDB3E90000B7354 /* LocationMapViewController.swift */,
				A15F5E211EDB31C7000B7354 /* NMapViewResources.swift */,
				A15F5E491EE2CE3D000B7354 /* VCMapView.swift */,
				A10203321EEDFE54002A3B76 /* CalcViewController.swift */,
			);
			path = RealLastCalc;
			sourceTree = "<group>";
		};
		A1F65C3E1ED987090080B92A /* Frameworks */ = {
			isa = PBXGroup;
			children = (
				A1F65C3F1ED987090080B92A /* NMapViewerSDK.framework */,
			);
			name = Frameworks;
			sourceTree = "<group>";
		};
/* End PBXGroup section */

/* Begin PBXNativeTarget section */
		A19E25971EC2F9EC0049C324 /* RealLastCalc */ = {
			isa = PBXNativeTarget;
			buildConfigurationList = A19E25AA1EC2F9EC0049C324 /* Build configuration list for PBXNativeTarget "RealLastCalc" */;
			buildPhases = (
				A19E25941EC2F9EC0049C324 /* Sources */,
				A19E25951EC2F9EC0049C324 /* Frameworks */,
				A19E25961EC2F9EC0049C324 /* Resources */,
				A1F65C441ED987140080B92A /* Embed Frameworks */,
				A1F65C451ED9891F0080B92A /* Strip Frameworks */,
			);
			buildRules = (
			);
			dependencies = (
			);
			name = RealLastCalc;
			productName = RealLastCalc;
			productReference = A19E25981EC2F9EC0049C324 /* RealLastCalc.app */;
			productType = "com.apple.product-type.application";
		};
/* End PBXNativeTarget section */

/* Begin PBXProject section */
		A19E25901EC2F9EC0049C324 /* Project object */ = {
			isa = PBXProject;
			attributes = {
				LastSwiftUpdateCheck = 0830;
				LastUpgradeCheck = 0830;
				ORGANIZATIONNAME = Jo;
				TargetAttributes = {
					A19E25971EC2F9EC0049C324 = {
						CreatedOnToolsVersion = 8.3.2;
						DevelopmentTeam = 5K89RS36D9;
						LastSwiftMigration = 0830;
						ProvisioningStyle = Automatic;
					};
				};
			};
			buildConfigurationList = A19E25931EC2F9EC0049C324 /* Build configuration list for PBXProject "RealLastCalc" */;
			compatibilityVersion = "Xcode 3.2";
			developmentRegion = English;
			hasScannedForEncodings = 0;
			knownRegions = (
				en,
				Base,
			);
			mainGroup = A19E258F1EC2F9EC0049C324;
			productRefGroup = A19E25991EC2F9EC0049C324 /* Products */;
			projectDirPath = "";
			projectRoot = "";
			targets = (
				A19E25971EC2F9EC0049C324 /* RealLastCalc */,
			);
		};
/* End PBXProject section */

/* Begin PBXResourcesBuildPhase section */
		A19E25961EC2F9EC0049C324 /* Resources */ = {
			isa = PBXResourcesBuildPhase;
			buildActionMask = 2147483647;
			files = (
				A19E25A61EC2F9EC0049C324 /* LaunchScreen.storyboard in Resources */,
				A15F5E261EDB43AE000B7354 /* Assets.xcassets in Resources */,
				A19E25A11EC2F9EC0049C324 /* Main.storyboard in Resources */,
				A10203351EEE1177002A3B76 /* abstract-1239439_1920.jpg in Resources */,
			);
			runOnlyForDeploymentPostprocessing = 0;
		};
/* End PBXResourcesBuildPhase section */

/* Begin PBXShellScriptBuildPhase section */
		A1F65C451ED9891F0080B92A /* Strip Frameworks */ = {
			isa = PBXShellScriptBuildPhase;
			buildActionMask = 2147483647;
			files = (
			);
			inputPaths = (
			);
			name = "Strip Frameworks";
			outputPaths = (
			);
			runOnlyForDeploymentPostprocessing = 0;
			shellPath = /bin/sh;
			shellScript = "sh ../Scripts/strip-frameworks.sh";
		};
/* End PBXShellScriptBuildPhase section */

/* Begin PBXSourcesBuildPhase section */
		A19E25941EC2F9EC0049C324 /* Sources */ = {
			isa = PBXSourcesBuildPhase;
			buildActionMask = 2147483647;
			files = (
				A19E259E1EC2F9EC0049C324 /* ViewController.swift in Sources */,
				A1F65C2E1ED590F00080B92A /* Artwork.swift in Sources */,
				A15F5E241EDB3E90000B7354 /* LocationMapViewController.swift in Sources */,
				A19E259C1EC2F9EC0049C324 /* AppDelegate.swift in Sources */,
				A10203331EEDFE54002A3B76 /* CalcViewController.swift in Sources */,
				A15F5E201EDB3176000B7354 /* MapViewController.swift in Sources */,
				A15F5E4A1EE2CE3D000B7354 /* VCMapView.swift in Sources */,
				A15F5E221EDB31C7000B7354 /* NMapViewResources.swift in Sources */,
				A1DBD52E1EED1CFB006A6512 /* ViewController_Subway.swift in Sources */,
			);
			runOnlyForDeploymentPostprocessing = 0;
		};
/* End PBXSourcesBuildPhase section */

/* Begin PBXVariantGroup section */
		A19E259F1EC2F9EC0049C324 /* Main.storyboard */ = {
			isa = PBXVariantGroup;
			children = (
				A19E25A01EC2F9EC0049C324 /* Base */,
			);
			name = Main.storyboard;
			sourceTree = "<group>";
		};
		A19E25A41EC2F9EC0049C324 /* LaunchScreen.storyboard */ = {
			isa = PBXVariantGroup;
			children = (
				A19E25A51EC2F9EC0049C324 /* Base */,
			);
			name = LaunchScreen.storyboard;
			sourceTree = "<group>";
		};
/* End PBXVariantGroup section */

/* Begin XCBuildConfiguration section */
		A19E25A81EC2F9EC0049C324 /* Debug */ = {
			isa = XCBuildConfiguration;
			buildSettings = {
				ALWAYS_SEARCH_USER_PATHS = NO;
				CLANG_ANALYZER_NONNULL = YES;
				CLANG_ANALYZER_NUMBER_OBJECT_CONVERSION = YES_AGGRESSIVE;
				CLANG_CXX_LANGUAGE_STANDARD = "gnu++0x";
				CLANG_CXX_LIBRARY = "libc++";
				CLANG_ENABLE_MODULES = YES;
				CLANG_ENABLE_OBJC_ARC = YES;
				CLANG_WARN_BOOL_CONVERSION = YES;
				CLANG_WARN_CONSTANT_CONVERSION = YES;
				CLANG_WARN_DIRECT_OBJC_ISA_USAGE = YES_ERROR;
				CLANG_WARN_DOCUMENTATION_COMMENTS = YES;
				CLANG_WARN_EMPTY_BODY = YES;
				CLANG_WARN_ENUM_CONVERSION = YES;
				CLANG_WARN_INFINITE_RECURSION = YES;
				CLANG_WARN_INT_CONVERSION = YES;
				CLANG_WARN_OBJC_ROOT_CLASS = YES_ERROR;
				CLANG_WARN_SUSPICIOUS_MOVE = YES;
				CLANG_WARN_UNREACHABLE_CODE = YES;
				CLANG_WARN__DUPLICATE_METHOD_MATCH = YES;
				"CODE_SIGN_IDENTITY[sdk=iphoneos*]" = "iPhone Developer";
				COPY_PHASE_STRIP = NO;
				DEBUG_INFORMATION_FORMAT = dwarf;
				ENABLE_STRICT_OBJC_MSGSEND = YES;
				ENABLE_TESTABILITY = YES;
				GCC_C_LANGUAGE_STANDARD = gnu99;
				GCC_DYNAMIC_NO_PIC = NO;
				GCC_NO_COMMON_BLOCKS = YES;
				GCC_OPTIMIZATION_LEVEL = 0;
				GCC_PREPROCESSOR_DEFINITIONS = (
					"DEBUG=1",
					"$(inherited)",
				);
				GCC_WARN_64_TO_32_BIT_CONVERSION = YES;
				GCC_WARN_ABOUT_RETURN_TYPE = YES_ERROR;
				GCC_WARN_UNDECLARED_SELECTOR = YES;
				GCC_WARN_UNINITIALIZED_AUTOS = YES_AGGRESSIVE;
				GCC_WARN_UNUSED_FUNCTION = YES;
				GCC_WARN_UNUSED_VARIABLE = YES;
				IPHONEOS_DEPLOYMENT_TARGET = 10.3;
				MTL_ENABLE_DEBUG_INFO = YES;
				ONLY_ACTIVE_ARCH = YES;
				SDKROOT = iphoneos;
				SWIFT_ACTIVE_COMPILATION_CONDITIONS = DEBUG;
				SWIFT_OPTIMIZATION_LEVEL = "-Onone";
			};
			name = Debug;
		};
		A19E25A91EC2F9EC0049C324 /* Release */ = {
			isa = XCBuildConfiguration;
			buildSettings = {
				ALWAYS_SEARCH_USER_PATHS = NO;
				CLANG_ANALYZER_NONNULL = YES;
				CLANG_ANALYZER_NUMBER_OBJECT_CONVERSION = YES_AGGRESSIVE;
				CLANG_CXX_LANGUAGE_STANDARD = "gnu++0x";
				CLANG_CXX_LIBRARY = "libc++";
				CLANG_ENABLE_MODULES = YES;
				CLANG_ENABLE_OBJC_ARC = YES;
				CLANG_WARN_BOOL_CONVERSION = YES;
				CLANG_WARN_CONSTANT_CONVERSION = YES;
				CLANG_WARN_DIRECT_OBJC_ISA_USAGE = YES_ERROR;
				CLANG_WARN_DOCUMENTATION_COMMENTS = YES;
				CLANG_WARN_EMPTY_BODY = YES;
				CLANG_WARN_ENUM_CONVERSION = YES;
				CLANG_WARN_INFINITE_RECURSION = YES;
				CLANG_WARN_INT_CONVERSION = YES;
				CLANG_WARN_OBJC_ROOT_CLASS = YES_ERROR;
				CLANG_WARN_SUSPICIOUS_MOVE = YES;
				CLANG_WARN_UNREACHABLE_CODE = YES;
				CLANG_WARN__DUPLICATE_METHOD_MATCH = YES;
				"CODE_SIGN_IDENTITY[sdk=iphoneos*]" = "iPhone Developer";
				COPY_PHASE_STRIP = NO;
				DEBUG_INFORMATION_FORMAT = "dwarf-with-dsym";
				ENABLE_NS_ASSERTIONS = NO;
				ENABLE_STRICT_OBJC_MSGSEND = YES;
				GCC_C_LANGUAGE_STANDARD = gnu99;
				GCC_NO_COMMON_BLOCKS = YES;
				GCC_WARN_64_TO_32_BIT_CONVERSION = YES;
				GCC_WARN_ABOUT_RETURN_TYPE = YES_ERROR;
				GCC_WARN_UNDECLARED_SELECTOR = YES;
				GCC_WARN_UNINITIALIZED_AUTOS = YES_AGGRESSIVE;
				GCC_WARN_UNUSED_FUNCTION = YES;
				GCC_WARN_UNUSED_VARIABLE = YES;
				IPHONEOS_DEPLOYMENT_TARGET = 10.3;
				MTL_ENABLE_DEBUG_INFO = NO;
				SDKROOT = iphoneos;
				SWIFT_OPTIMIZATION_LEVEL = "-Owholemodule";
				VALIDATE_PRODUCT = YES;
			};
			name = Release;
		};
		A19E25AB1EC2F9EC0049C324 /* Debug */ = {
			isa = XCBuildConfiguration;
			buildSettings = {
				ASSETCATALOG_COMPILER_APPICON_NAME = AppIcon;
				CLANG_ENABLE_MODULES = YES;
				DEVELOPMENT_TEAM = 5K89RS36D9;
				FRAMEWORK_SEARCH_PATHS = (
					"$(inherited)",
					"$(PROJECT_DIR)/RealLastCalc/Frameworks",
				);
				INFOPLIST_FILE = RealLastCalc/Info.plist;
				LD_RUNPATH_SEARCH_PATHS = "$(inherited) @executable_path/Frameworks";
				LIBRARY_SEARCH_PATHS = (
					"$(inherited)",
					"$(PROJECT_DIR)/RealLastCalc/Frameworks/NMapViewerSDK.framework/Versions/A",
				);
				"OTHER_LDFLAGS[arch=*]" = (
					"-ObjC",
					"-lxml2",
				);
				PRODUCT_BUNDLE_IDENTIFIER = kpu.2017class.RealLastCalc;
				PRODUCT_NAME = "$(TARGET_NAME)";
				SWIFT_OBJC_BRIDGING_HEADER = "RealLastCalc/RealLastCalc-Bridging-Header.h";
				SWIFT_OPTIMIZATION_LEVEL = "-Onone";
				SWIFT_VERSION = 3.0;
				TARGETED_DEVICE_FAMILY = 2;
			};
			name = Debug;
		};
		A19E25AC1EC2F9EC0049C324 /* Release */ = {
			isa = XCBuildConfiguration;
			buildSettings = {
				ASSETCATALOG_COMPILER_APPICON_NAME = AppIcon;
				CLANG_ENABLE_MODULES = YES;
				DEVELOPMENT_TEAM = 5K89RS36D9;
				FRAMEWORK_SEARCH_PATHS = (
					"$(inherited)",
					"$(PROJECT_DIR)/RealLastCalc/Frameworks",
				);
				INFOPLIST_FILE = RealLastCalc/Info.plist;
				LD_RUNPATH_SEARCH_PATHS = "$(inherited) @executable_path/Frameworks";
				LIBRARY_SEARCH_PATHS = (
					"$(inherited)",
					"$(PROJECT_DIR)/RealLastCalc/Frameworks/NMapViewerSDK.framework/Versions/A",
				);
				"OTHER_LDFLAGS[arch=*]" = (
					"-ObjC",
					"-lxml2",
				);
				PRODUCT_BUNDLE_IDENTIFIER = kpu.2017class.RealLastCalc;
				PRODUCT_NAME = "$(TARGET_NAME)";
				SWIFT_OBJC_BRIDGING_HEADER = "RealLastCalc/RealLastCalc-Bridging-Header.h";
				SWIFT_VERSION = 3.0;
				TARGETED_DEVICE_FAMILY = 2;
			};
			name = Release;
		};
/* End XCBuildConfiguration section */

/* Begin XCConfigurationList section */
		A19E25931EC2F9EC0049C324 /* Build configuration list for PBXProject "RealLastCalc" */ = {
			isa = XCConfigurationList;
			buildConfigurations = (
				A19E25A81EC2F9EC0049C324 /* Debug */,
				A19E25A91EC2F9EC0049C324 /* Release */,
			);
			defaultConfigurationIsVisible = 0;
			defaultConfigurationName = Release;
		};
		A19E25AA1EC2F9EC0049C324 /* Build configuration list for PBXNativeTarget "RealLastCalc" */ = {
			isa = XCConfigurationList;
			buildConfigurations = (
				A19E25AB1EC2F9EC0049C324 /* Debug */,
				A19E25AC1EC2F9EC0049C324 /* Release */,
			);
			defaultConfigurationIsVisible = 0;
			defaultConfigurationName = Release;
		};
/* End XCConfigurationList section */
	};
	rootObject = A19E25901EC2F9EC0049C324 /* Project object */;
}
